
Microsoft Visual Studio Solution File, Format Version 11.00
# Visual Studio 2010
Project("{F2A71F9B-5D33-465A-A702-920D77279786}") = "LazyLevenshteinMVVM", "LazyLevenshteinMVVM\LazyLevenshteinMVVM.fsproj", "{B030AB13-71EC-46A4-BD44-81E11A3F4E8A}"
EndProject
Project("{F2A71F9B-5D33-465A-A702-920D77279786}") = "LazyLevenshtein", "LazyLevenshtein\LazyLevenshtein.fsproj", "{610D50E3-9781-43DF-9119-21A801E6CACB}"
EndProject
Global
	GlobalSection(SolutionConfigurationPlatforms) = preSolution
		Debug|Any CPU = Debug|Any CPU
		Debug|Mixed Platforms = Debug|Mixed Platforms
		Debug|x86 = Debug|x86
		Release|Any CPU = Release|Any CPU
		Release|Mixed Platforms = Release|Mixed Platforms
		Release|x86 = Release|x86
	EndGlobalSection
	GlobalSection(ProjectConfigurationPlatforms) = postSolution
		{B030AB13-71EC-46A4-BD44-81E11A3F4E8A}.Debug|Any CPU.ActiveCfg = Debug|x86
		{B030AB13-71EC-46A4-BD44-81E11A3F4E8A}.Debug|Mixed Platforms.ActiveCfg = Debug|x86
		{B030AB13-71EC-46A4-BD44-81E11A3F4E8A}.Debug|Mixed Platforms.Build.0 = Debug|x86
		{B030AB13-71EC-46A4-BD44-81E11A3F4E8A}.Debug|x86.ActiveCfg = Debug|x86
		{B030AB13-71EC-46A4-BD44-81E11A3F4E8A}.Debug|x86.Build.0 = Debug|x86
		{B030AB13-71EC-46A4-BD44-81E11A3F4E8A}.Release|Any CPU.ActiveCfg = Release|x86
		{B030AB13-71EC-46A4-BD44-81E11A3F4E8A}.Release|Mixed Platforms.ActiveCfg = Release|x86
		{B030AB13-71EC-46A4-BD44-81E11A3F4E8A}.Release|Mixed Platforms.Build.0 = Release|x86
		{B030AB13-71EC-46A4-BD44-81E11A3F4E8A}.Release|x86.ActiveCfg = Release|x86
		{B030AB13-71EC-46A4-BD44-81E11A3F4E8A}.Release|x86.Build.0 = Release|x86
		{610D50E3-9781-43DF-9119-21A801E6CACB}.Debug|Any CPU.ActiveCfg = Debug|Any CPU
		{610D50E3-9781-43DF-9119-21A801E6CACB}.Debug|Any CPU.Build.0 = Debug|Any CPU
		{610D50E3-9781-43DF-9119-21A801E6CACB}.Debug|Mixed Platforms.ActiveCfg = Debug|Any CPU
		{610D50E3-9781-43DF-9119-21A801E6CACB}.Debug|Mixed Platforms.Build.0 = Debug|Any CPU
		{610D50E3-9781-43DF-9119-21A801E6CACB}.Debug|x86.ActiveCfg = Debug|Any CPU
		{610D50E3-9781-43DF-9119-21A801E6CACB}.Release|Any CPU.ActiveCfg = Release|Any CPU
		{610D50E3-9781-43DF-9119-21A801E6CACB}.Release|Any CPU.Build.0 = Release|Any CPU
		{610D50E3-9781-43DF-9119-21A801E6CACB}.Release|Mixed Platforms.ActiveCfg = Release|Any CPU
		{610D50E3-9781-43DF-9119-21A801E6CACB}.Release|Mixed Platforms.Build.0 = Release|Any CPU
		{610D50E3-9781-43DF-9119-21A801E6CACB}.Release|x86.ActiveCfg = Release|Any CPU
	EndGlobalSection
	GlobalSection(SolutionProperties) = preSolution
		HideSolutionNode = FALSE
	EndGlobalSection
EndGlobal
